[clocks]
sha256 = "c2da62619d1067646316e8592b583d77036d778e28b1154353e0825956b3d6aa"
sha512 = "4d409fc38b31646fc5de70160e81bd3fa67f9c99b4d24543b4fd40a922c7545739869521b8a997efb675d0816de8b001b6af7950e0cb0bc823d89b9f07b286c4"

[io]
sha256 = "6d8dbfaaaa685167c1829616dc7265f5f3cb776845879555612d56544f6d9bfc"
sha512 = "52219562c4183503169cd2947b8164e1c96974500a5adf15bbf382c5992a10a626cc89c3b319204aeda6698ce59cbca2c42f98f7fde296aa77b9db4b41154dbe"

[keyvalue]
url = "https://github.com/WebAssembly/wasi-keyvalue/archive/219ea3612a53f1bf5b2d137551b22d0268fd3c58.tar.gz"
sha256 = "d2de617fe31ec0abc6072f75f97dd22bf95b3231d5b3111471d73871df9081cd"
sha512 = "6f0b4e44c684d760c54552e2bde9bc976e0a4f6525fc1d47acb98625e030847276436242f42a41f4da1bb9169fb2968c53d659d61af9b2f709f4eb6f9880e2c7"

[messaging]
url = "https://github.com/WebAssembly/wasi-messaging/archive/4ee59bb881f7a8675fbb3ae7ca5d5d586ab88657.tar.gz"
sha256 = "602487d60c3830fb4fcedcf933cdd6c20411a1a3dcb14db4c5b512f924532f3a"
sha512 = "dfa9dc4062bad38bcff956aa8ef7b6a056912a2d865167953fbb3ec783b490347f443543f13c4a609c308fb054b75121937148266d178fac0b66d05826d32e44"

[sockets]
url = "https://github.com/WebAssembly/wasi-sockets/archive/v0.2.2.tar.gz"
sha256 = "f254783796170fdeac6756496cc6169903a88adeda7a5895265414bc63ba4d66"
sha512 = "3f68e874beb0ac9729d1738546a430f2f8b369eb510d3cd6dfcfc41427acb52a82701d73584b8ab637b8c3908c5d4f7a7d4806032cc5d375643fad0ebf84e053"
deps = ["clocks", "io"]
